
Microsoft Visual Studio Solution File, Format Version 12.00
# Visual Studio Version 17
VisualStudioVersion = 17.9.34607.119
MinimumVisualStudioVersion = 10.0.40219.1
Project("{9A19103F-16F7-4668-BE54-9A1E7A4F7556}") = "Edifact", "Edifact\Edifact.csproj", "{B5BA2538-F0DE-4222-986A-A5336B8FE135}"
	ProjectSection(ProjectDependencies) = postProject
		{A0DCDCA6-26E8-4498-9171-0E74FE9348BB} = {A0DCDCA6-26E8-4498-9171-0E74FE9348BB}
	EndProjectSection
EndProject
Project("{9A19103F-16F7-4668-BE54-9A1E7A4F7556}") = "EdifactDownloaderCLI", "EdifactDownloaderCLI\EdifactDownloaderCLI.csproj", "{153F7630-456D-4012-BFA9-3AA9E4B0774B}"
	ProjectSection(ProjectDependencies) = postProject
		{B5BA2538-F0DE-4222-986A-A5336B8FE135} = {B5BA2538-F0DE-4222-986A-A5336B8FE135}
	EndProjectSection
EndProject
Project("{9A19103F-16F7-4668-BE54-9A1E7A4F7556}") = "Files2Resources", "Files2Resources\Files2Resources.csproj", "{A0DCDCA6-26E8-4498-9171-0E74FE9348BB}"
EndProject
Project("{9A19103F-16F7-4668-BE54-9A1E7A4F7556}") = "Schema2TreeCLI", "Schema2TreeCLI\Schema2TreeCLI.csproj", "{8588B246-ED07-42CA-B180-A691EF9D9FD7}"
EndProject
Project("{9A19103F-16F7-4668-BE54-9A1E7A4F7556}") = "StreamsAbstraction", "..\StreamsAbstraction\StreamsAbstraction.csproj", "{CF28F317-1A73-4977-B883-D917D7B37947}"
EndProject
Global
	GlobalSection(SolutionConfigurationPlatforms) = preSolution
		Debug|Any CPU = Debug|Any CPU
		Release|Any CPU = Release|Any CPU
	EndGlobalSection
	GlobalSection(ProjectConfigurationPlatforms) = postSolution
		{B5BA2538-F0DE-4222-986A-A5336B8FE135}.Debug|Any CPU.ActiveCfg = Debug|Any CPU
		{B5BA2538-F0DE-4222-986A-A5336B8FE135}.Debug|Any CPU.Build.0 = Debug|Any CPU
		{B5BA2538-F0DE-4222-986A-A5336B8FE135}.Release|Any CPU.ActiveCfg = Release|Any CPU
		{B5BA2538-F0DE-4222-986A-A5336B8FE135}.Release|Any CPU.Build.0 = Release|Any CPU
		{153F7630-456D-4012-BFA9-3AA9E4B0774B}.Debug|Any CPU.ActiveCfg = Debug|Any CPU
		{153F7630-456D-4012-BFA9-3AA9E4B0774B}.Debug|Any CPU.Build.0 = Debug|Any CPU
		{153F7630-456D-4012-BFA9-3AA9E4B0774B}.Release|Any CPU.ActiveCfg = Release|Any CPU
		{153F7630-456D-4012-BFA9-3AA9E4B0774B}.Release|Any CPU.Build.0 = Release|Any CPU
		{A0DCDCA6-26E8-4498-9171-0E74FE9348BB}.Debug|Any CPU.ActiveCfg = Debug|Any CPU
		{A0DCDCA6-26E8-4498-9171-0E74FE9348BB}.Debug|Any CPU.Build.0 = Debug|Any CPU
		{A0DCDCA6-26E8-4498-9171-0E74FE9348BB}.Release|Any CPU.ActiveCfg = Release|Any CPU
		{A0DCDCA6-26E8-4498-9171-0E74FE9348BB}.Release|Any CPU.Build.0 = Release|Any CPU
		{8588B246-ED07-42CA-B180-A691EF9D9FD7}.Debug|Any CPU.ActiveCfg = Debug|Any CPU
		{8588B246-ED07-42CA-B180-A691EF9D9FD7}.Debug|Any CPU.Build.0 = Debug|Any CPU
		{8588B246-ED07-42CA-B180-A691EF9D9FD7}.Release|Any CPU.ActiveCfg = Release|Any CPU
		{8588B246-ED07-42CA-B180-A691EF9D9FD7}.Release|Any CPU.Build.0 = Release|Any CPU
		{CF28F317-1A73-4977-B883-D917D7B37947}.Debug|Any CPU.ActiveCfg = Debug|Any CPU
		{CF28F317-1A73-4977-B883-D917D7B37947}.Debug|Any CPU.Build.0 = Debug|Any CPU
		{CF28F317-1A73-4977-B883-D917D7B37947}.Release|Any CPU.ActiveCfg = Release|Any CPU
		{CF28F317-1A73-4977-B883-D917D7B37947}.Release|Any CPU.Build.0 = Release|Any CPU
	EndGlobalSection
	GlobalSection(SolutionProperties) = preSolution
		HideSolutionNode = FALSE
	EndGlobalSection
	GlobalSection(ExtensibilityGlobals) = postSolution
		SolutionGuid = {45289AFF-85B0-4CAE-A578-B2ABA1DB9245}
	EndGlobalSection
EndGlobal
